// !$*UTF8*$!
{
	archiveVersion = 1;
	classes = {
	};
	objectVersion = 56;
	objects = {

/* Begin PBXBuildFile section */
		A90D85552C4DFC3900965E76 /* hikeData.json in Resources */ = {isa = PBXBuildFile; fileRef = A90D85542C4DFC3900965E76 /* hikeData.json */; };
		A90D85572C4DFC9900965E76 /* Hike.swift in Sources */ = {isa = PBXBuildFile; fileRef = A90D85562C4DFC9900965E76 /* Hike.swift */; };
		A90D855D2C4DFDB100965E76 /* GraphCapsule.swift in Sources */ = {isa = PBXBuildFile; fileRef = A90D85582C4DFDB100965E76 /* GraphCapsule.swift */; };
		A90D855E2C4DFDB100965E76 /* HikeDetail.swift in Sources */ = {isa = PBXBuildFile; fileRef = A90D85592C4DFDB100965E76 /* HikeDetail.swift */; };
		A90D855F2C4DFDB100965E76 /* HikeGraph.swift in Sources */ = {isa = PBXBuildFile; fileRef = A90D855A2C4DFDB100965E76 /* HikeGraph.swift */; };
		A90D85602C4DFDB100965E76 /* HikeView.swift in Sources */ = {isa = PBXBuildFile; fileRef = A90D855B2C4DFDB100965E76 /* HikeView.swift */; };
		A910E2462C3F792800819B9C /* BadgeBackground.swift in Sources */ = {isa = PBXBuildFile; fileRef = A910E2452C3F792800819B9C /* BadgeBackground.swift */; };
		A910E2482C4609B200819B9C /* BadgeSymbol.swift in Sources */ = {isa = PBXBuildFile; fileRef = A910E2472C4609B200819B9C /* BadgeSymbol.swift */; };
		A910E24A2C460D8F00819B9C /* RotatedBadgeSymbol.swift in Sources */ = {isa = PBXBuildFile; fileRef = A910E2492C460D8F00819B9C /* RotatedBadgeSymbol.swift */; };
		A910E2662C4B51DA00819B9C /* Badge.swift in Sources */ = {isa = PBXBuildFile; fileRef = A910E2652C4B51DA00819B9C /* Badge.swift */; };
		A93092E12C265F4D00180323 /* LandmarksApp.swift in Sources */ = {isa = PBXBuildFile; fileRef = A93092E02C265F4D00180323 /* LandmarksApp.swift */; };
		A93092E32C265F4D00180323 /* ContentView.swift in Sources */ = {isa = PBXBuildFile; fileRef = A93092E22C265F4D00180323 /* ContentView.swift */; };
		A93092E52C265F4E00180323 /* Assets.xcassets in Resources */ = {isa = PBXBuildFile; fileRef = A93092E42C265F4E00180323 /* Assets.xcassets */; };
		A93092E82C265F4E00180323 /* Preview Assets.xcassets in Resources */ = {isa = PBXBuildFile; fileRef = A93092E72C265F4E00180323 /* Preview Assets.xcassets */; };
		A93092EF2C266DCE00180323 /* CircleImage.swift in Sources */ = {isa = PBXBuildFile; fileRef = A93092EE2C266DCE00180323 /* CircleImage.swift */; };
		A93092F12C29054500180323 /* MapView.swift in Sources */ = {isa = PBXBuildFile; fileRef = A93092F02C29054500180323 /* MapView.swift */; };
		A93092F32C2A349000180323 /* landmarkData.json in Resources */ = {isa = PBXBuildFile; fileRef = A93092F22C2A349000180323 /* landmarkData.json */; };
		A93092F52C2A352600180323 /* Landmark.swift in Sources */ = {isa = PBXBuildFile; fileRef = A93092F42C2A352600180323 /* Landmark.swift */; };
		A93092F72C2A3C5C00180323 /* ModelData.swift in Sources */ = {isa = PBXBuildFile; fileRef = A93092F62C2A3C5C00180323 /* ModelData.swift */; };
		A93092FC2C2B973400180323 /* LandmarkRow.swift in Sources */ = {isa = PBXBuildFile; fileRef = A93092FB2C2B973400180323 /* LandmarkRow.swift */; };
		A93092FE2C2D029D00180323 /* LandmarkList.swift in Sources */ = {isa = PBXBuildFile; fileRef = A93092FD2C2D029D00180323 /* LandmarkList.swift */; };
		A93093002C2E509600180323 /* LandmarkDetail.swift in Sources */ = {isa = PBXBuildFile; fileRef = A93092FF2C2E509600180323 /* LandmarkDetail.swift */; };
		A93093022C38E3C100180323 /* FavoriteButton.swift in Sources */ = {isa = PBXBuildFile; fileRef = A93093012C38E3C100180323 /* FavoriteButton.swift */; };
		A93093062C3B761100180323 /* HexagonParameters.swift in Sources */ = {isa = PBXBuildFile; fileRef = A93093052C3B761100180323 /* HexagonParameters.swift */; };
		A9CD33702C7C0DA50052DCF9 /* CategoryHome.swift in Sources */ = {isa = PBXBuildFile; fileRef = A9CD336F2C7C0DA50052DCF9 /* CategoryHome.swift */; };
		A9CD338C2C82ABBB0052DCF9 /* CategoryRow.swift in Sources */ = {isa = PBXBuildFile; fileRef = A9CD338B2C82ABBB0052DCF9 /* CategoryRow.swift */; };
		A9CD338E2C82AD8F0052DCF9 /* CategoryItem.swift in Sources */ = {isa = PBXBuildFile; fileRef = A9CD338D2C82AD8F0052DCF9 /* CategoryItem.swift */; };
		A9CD33AA2C8BE9EE0052DCF9 /* Profile.swift in Sources */ = {isa = PBXBuildFile; fileRef = A9CD33A92C8BE9EE0052DCF9 /* Profile.swift */; };
		A9CD33AD2C8BEA5F0052DCF9 /* ProfileHost.swift in Sources */ = {isa = PBXBuildFile; fileRef = A9CD33AC2C8BEA5F0052DCF9 /* ProfileHost.swift */; };
		A9CD33AF2C8BEAF40052DCF9 /* ProfileSummary.swift in Sources */ = {isa = PBXBuildFile; fileRef = A9CD33AE2C8BEAF40052DCF9 /* ProfileSummary.swift */; };
		A9CD33B12C8CA7430052DCF9 /* HikeBadge.swift in Sources */ = {isa = PBXBuildFile; fileRef = A9CD33B02C8CA7430052DCF9 /* HikeBadge.swift */; };
/* End PBXBuildFile section */

/* Begin PBXFileReference section */
		A90D85542C4DFC3900965E76 /* hikeData.json */ = {isa = PBXFileReference; fileEncoding = 4; lastKnownFileType = text.json; path = hikeData.json; sourceTree = "<group>"; };
		A90D85562C4DFC9900965E76 /* Hike.swift */ = {isa = PBXFileReference; lastKnownFileType = sourcecode.swift; path = Hike.swift; sourceTree = "<group>"; };
		A90D85582C4DFDB100965E76 /* GraphCapsule.swift */ = {isa = PBXFileReference; fileEncoding = 4; lastKnownFileType = sourcecode.swift; path = GraphCapsule.swift; sourceTree = "<group>"; };
		A90D85592C4DFDB100965E76 /* HikeDetail.swift */ = {isa = PBXFileReference; fileEncoding = 4; lastKnownFileType = sourcecode.swift; path = HikeDetail.swift; sourceTree = "<group>"; };
		A90D855A2C4DFDB100965E76 /* HikeGraph.swift */ = {isa = PBXFileReference; fileEncoding = 4; lastKnownFileType = sourcecode.swift; path = HikeGraph.swift; sourceTree = "<group>"; };
		A90D855B2C4DFDB100965E76 /* HikeView.swift */ = {isa = PBXFileReference; fileEncoding = 4; lastKnownFileType = sourcecode.swift; path = HikeView.swift; sourceTree = "<group>"; };
		A910E2452C3F792800819B9C /* BadgeBackground.swift */ = {isa = PBXFileReference; lastKnownFileType = sourcecode.swift; path = BadgeBackground.swift; sourceTree = "<group>"; };
		A910E2472C4609B200819B9C /* BadgeSymbol.swift */ = {isa = PBXFileReference; lastKnownFileType = sourcecode.swift; path = BadgeSymbol.swift; sourceTree = "<group>"; };
		A910E2492C460D8F00819B9C /* RotatedBadgeSymbol.swift */ = {isa = PBXFileReference; lastKnownFileType = sourcecode.swift; path = RotatedBadgeSymbol.swift; sourceTree = "<group>"; };
		A910E2652C4B51DA00819B9C /* Badge.swift */ = {isa = PBXFileReference; lastKnownFileType = sourcecode.swift; path = Badge.swift; sourceTree = "<group>"; };
		A93092DD2C265F4D00180323 /* Landmarks.app */ = {isa = PBXFileReference; explicitFileType = wrapper.application; includeInIndex = 0; path = Landmarks.app; sourceTree = BUILT_PRODUCTS_DIR; };
		A93092E02C265F4D00180323 /* LandmarksApp.swift */ = {isa = PBXFileReference; lastKnownFileType = sourcecode.swift; path = LandmarksApp.swift; sourceTree = "<group>"; };
		A93092E22C265F4D00180323 /* ContentView.swift */ = {isa = PBXFileReference; lastKnownFileType = sourcecode.swift; path = ContentView.swift; sourceTree = "<group>"; };
		A93092E42C265F4E00180323 /* Assets.xcassets */ = {isa = PBXFileReference; lastKnownFileType = folder.assetcatalog; path = Assets.xcassets; sourceTree = "<group>"; };
		A93092E72C265F4E00180323 /* Preview Assets.xcassets */ = {isa = PBXFileReference; lastKnownFileType = folder.assetcatalog; path = "Preview Assets.xcassets"; sourceTree = "<group>"; };
		A93092EE2C266DCE00180323 /* CircleImage.swift */ = {isa = PBXFileReference; lastKnownFileType = sourcecode.swift; path = CircleImage.swift; sourceTree = "<group>"; };
		A93092F02C29054500180323 /* MapView.swift */ = {isa = PBXFileReference; lastKnownFileType = sourcecode.swift; path = MapView.swift; sourceTree = "<group>"; };
		A93092F22C2A349000180323 /* landmarkData.json */ = {isa = PBXFileReference; fileEncoding = 4; lastKnownFileType = text.json; path = landmarkData.json; sourceTree = "<group>"; };
		A93092F42C2A352600180323 /* Landmark.swift */ = {isa = PBXFileReference; lastKnownFileType = sourcecode.swift; path = Landmark.swift; sourceTree = "<group>"; };
		A93092F62C2A3C5C00180323 /* ModelData.swift */ = {isa = PBXFileReference; lastKnownFileType = sourcecode.swift; path = ModelData.swift; sourceTree = "<group>"; };
		A93092FB2C2B973400180323 /* LandmarkRow.swift */ = {isa = PBXFileReference; lastKnownFileType = sourcecode.swift; path = LandmarkRow.swift; sourceTree = "<group>"; };
		A93092FD2C2D029D00180323 /* LandmarkList.swift */ = {isa = PBXFileReference; lastKnownFileType = sourcecode.swift; path = LandmarkList.swift; sourceTree = "<group>"; };
		A93092FF2C2E509600180323 /* LandmarkDetail.swift */ = {isa = PBXFileReference; lastKnownFileType = sourcecode.swift; path = LandmarkDetail.swift; sourceTree = "<group>"; };
		A93093012C38E3C100180323 /* FavoriteButton.swift */ = {isa = PBXFileReference; lastKnownFileType = sourcecode.swift; path = FavoriteButton.swift; sourceTree = "<group>"; };
		A93093052C3B761100180323 /* HexagonParameters.swift */ = {isa = PBXFileReference; lastKnownFileType = sourcecode.swift; path = HexagonParameters.swift; sourceTree = "<group>"; };
		A9CD336F2C7C0DA50052DCF9 /* CategoryHome.swift */ = {isa = PBXFileReference; lastKnownFileType = sourcecode.swift; path = CategoryHome.swift; sourceTree = "<group>"; };
		A9CD338B2C82ABBB0052DCF9 /* CategoryRow.swift */ = {isa = PBXFileReference; lastKnownFileType = sourcecode.swift; path = CategoryRow.swift; sourceTree = "<group>"; };
		A9CD338D2C82AD8F0052DCF9 /* CategoryItem.swift */ = {isa = PBXFileReference; lastKnownFileType = sourcecode.swift; path = CategoryItem.swift; sourceTree = "<group>"; };
		A9CD33A92C8BE9EE0052DCF9 /* Profile.swift */ = {isa = PBXFileReference; lastKnownFileType = sourcecode.swift; path = Profile.swift; sourceTree = "<group>"; };
		A9CD33AC2C8BEA5F0052DCF9 /* ProfileHost.swift */ = {isa = PBXFileReference; lastKnownFileType = sourcecode.swift; path = ProfileHost.swift; sourceTree = "<group>"; };
		A9CD33AE2C8BEAF40052DCF9 /* ProfileSummary.swift */ = {isa = PBXFileReference; lastKnownFileType = sourcecode.swift; path = ProfileSummary.swift; sourceTree = "<group>"; };
		A9CD33B02C8CA7430052DCF9 /* HikeBadge.swift */ = {isa = PBXFileReference; lastKnownFileType = sourcecode.swift; path = HikeBadge.swift; sourceTree = "<group>"; };
/* End PBXFileReference section */

/* Begin PBXFrameworksBuildPhase section */
		A93092DA2C265F4D00180323 /* Frameworks */ = {
			isa = PBXFrameworksBuildPhase;
			buildActionMask = 2147483647;
			files = (
			);
			runOnlyForDeploymentPostprocessing = 0;
		};
/* End PBXFrameworksBuildPhase section */

/* Begin PBXGroup section */
		A90D855C2C4DFDB100965E76 /* Hikes */ = {
			isa = PBXGroup;
			children = (
				A90D85582C4DFDB100965E76 /* GraphCapsule.swift */,
				A90D85592C4DFDB100965E76 /* HikeDetail.swift */,
				A90D855A2C4DFDB100965E76 /* HikeGraph.swift */,
				A90D855B2C4DFDB100965E76 /* HikeView.swift */,
				A9CD33B02C8CA7430052DCF9 /* HikeBadge.swift */,
			);
			path = Hikes;
			sourceTree = "<group>";
		};
		A910E2672C4B54EC00819B9C /* Badges */ = {
			isa = PBXGroup;
			children = (
				A910E2652C4B51DA00819B9C /* Badge.swift */,
				A910E2452C3F792800819B9C /* BadgeBackground.swift */,
				A910E2472C4609B200819B9C /* BadgeSymbol.swift */,
				A910E2492C460D8F00819B9C /* RotatedBadgeSymbol.swift */,
				A93093052C3B761100180323 /* HexagonParameters.swift */,
			);
			path = Badges;
			sourceTree = "<group>";
		};
		A93092D42C265F4D00180323 = {
			isa = PBXGroup;
			children = (
				A93092DF2C265F4D00180323 /* Landmarks */,
				A93092DE2C265F4D00180323 /* Products */,
			);
			sourceTree = "<group>";
		};
		A93092DE2C265F4D00180323 /* Products */ = {
			isa = PBXGroup;
			children = (
				A93092DD2C265F4D00180323 /* Landmarks.app */,
			);
			name = Products;
			sourceTree = "<group>";
		};
		A93092DF2C265F4D00180323 /* Landmarks */ = {
			isa = PBXGroup;
			children = (
				A93092E02C265F4D00180323 /* LandmarksApp.swift */,
				A93092E42C265F4E00180323 /* Assets.xcassets */,
				A93092F82C2A3D9300180323 /* Views */,
				A93092FA2C2A3E1F00180323 /* Model */,
				A93092F92C2A3E0C00180323 /* Resources */,
				A93092E62C265F4E00180323 /* Preview Content */,
			);
			path = Landmarks;
			sourceTree = "<group>";
		};
		A93092E62C265F4E00180323 /* Preview Content */ = {
			isa = PBXGroup;
			children = (
				A93092E72C265F4E00180323 /* Preview Assets.xcassets */,
			);
			path = "Preview Content";
			sourceTree = "<group>";
		};
		A93092F82C2A3D9300180323 /* Views */ = {
			isa = PBXGroup;
			children = (
				A9CD33AB2C8BEA320052DCF9 /* Profiles */,
				A9CD336E2C7C0D890052DCF9 /* Categories */,
				A90D855C2C4DFDB100965E76 /* Hikes */,
				A93092E22C265F4D00180323 /* ContentView.swift */,
				A93093032C38E4B500180323 /* Helper */,
				A93093042C38E4DC00180323 /* Landmarks */,
				A910E2672C4B54EC00819B9C /* Badges */,
			);
			path = Views;
			sourceTree = "<group>";
		};
		A93092F92C2A3E0C00180323 /* Resources */ = {
			isa = PBXGroup;
			children = (
				A90D85542C4DFC3900965E76 /* hikeData.json */,
				A93092F22C2A349000180323 /* landmarkData.json */,
			);
			path = Resources;
			sourceTree = "<group>";
		};
		A93092FA2C2A3E1F00180323 /* Model */ = {
			isa = PBXGroup;
			children = (
				A93092F42C2A352600180323 /* Landmark.swift */,
				A93092F62C2A3C5C00180323 /* ModelData.swift */,
				A90D85562C4DFC9900965E76 /* Hike.swift */,
				A9CD33A92C8BE9EE0052DCF9 /* Profile.swift */,
			);
			path = Model;
			sourceTree = "<group>";
		};
		A93093032C38E4B500180323 /* Helper */ = {
			isa = PBXGroup;
			children = (
				A93092EE2C266DCE00180323 /* CircleImage.swift */,
				A93092F02C29054500180323 /* MapView.swift */,
				A93093012C38E3C100180323 /* FavoriteButton.swift */,
			);
			path = Helper;
			sourceTree = "<group>";
		};
		A93093042C38E4DC00180323 /* Landmarks */ = {
			isa = PBXGroup;
			children = (
				A93092FB2C2B973400180323 /* LandmarkRow.swift */,
				A93092FD2C2D029D00180323 /* LandmarkList.swift */,
				A93092FF2C2E509600180323 /* LandmarkDetail.swift */,
			);
			path = Landmarks;
			sourceTree = "<group>";
		};
		A9CD336E2C7C0D890052DCF9 /* Categories */ = {
			isa = PBXGroup;
			children = (
				A9CD336F2C7C0DA50052DCF9 /* CategoryHome.swift */,
				A9CD338B2C82ABBB0052DCF9 /* CategoryRow.swift */,
				A9CD338D2C82AD8F0052DCF9 /* CategoryItem.swift */,
			);
			path = Categories;
			sourceTree = "<group>";
		};
		A9CD33AB2C8BEA320052DCF9 /* Profiles */ = {
			isa = PBXGroup;
			children = (
				A9CD33AC2C8BEA5F0052DCF9 /* ProfileHost.swift */,
				A9CD33AE2C8BEAF40052DCF9 /* ProfileSummary.swift */,
			);
			path = Profiles;
			sourceTree = "<group>";
		};
/* End PBXGroup section */

/* Begin PBXNativeTarget section */
		A93092DC2C265F4D00180323 /* Landmarks */ = {
			isa = PBXNativeTarget;
			buildConfigurationList = A93092EB2C265F4E00180323 /* Build configuration list for PBXNativeTarget "Landmarks" */;
			buildPhases = (
				A93092D92C265F4D00180323 /* Sources */,
				A93092DA2C265F4D00180323 /* Frameworks */,
				A93092DB2C265F4D00180323 /* Resources */,
			);
			buildRules = (
			);
			dependencies = (
			);
			name = Landmarks;
			productName = Landmarks;
			productReference = A93092DD2C265F4D00180323 /* Landmarks.app */;
			productType = "com.apple.product-type.application";
		};
/* End PBXNativeTarget section */

/* Begin PBXProject section */
		A93092D52C265F4D00180323 /* Project object */ = {
			isa = PBXProject;
			attributes = {
				BuildIndependentTargetsInParallel = 1;
				LastSwiftUpdateCheck = 1540;
				LastUpgradeCheck = 1540;
				TargetAttributes = {
					A93092DC2C265F4D00180323 = {
						CreatedOnToolsVersion = 15.4;
					};
				};
			};
			buildConfigurationList = A93092D82C265F4D00180323 /* Build configuration list for PBXProject "Landmarks" */;
			compatibilityVersion = "Xcode 14.0";
			developmentRegion = en;
			hasScannedForEncodings = 0;
			knownRegions = (
				en,
				Base,
			);
			mainGroup = A93092D42C265F4D00180323;
			productRefGroup = A93092DE2C265F4D00180323 /* Products */;
			projectDirPath = "";
			projectRoot = "";
			targets = (
				A93092DC2C265F4D00180323 /* Landmarks */,
			);
		};
/* End PBXProject section */

/* Begin PBXResourcesBuildPhase section */
		A93092DB2C265F4D00180323 /* Resources */ = {
			isa = PBXResourcesBuildPhase;
			buildActionMask = 2147483647;
			files = (
				A90D85552C4DFC3900965E76 /* hikeData.json in Resources */,
				A93092E82C265F4E00180323 /* Preview Assets.xcassets in Resources */,
				A93092E52C265F4E00180323 /* Assets.xcassets in Resources */,
				A93092F32C2A349000180323 /* landmarkData.json in Resources */,
			);
			runOnlyForDeploymentPostprocessing = 0;
		};
/* End PBXResourcesBuildPhase section */

/* Begin PBXSourcesBuildPhase section */
		A93092D92C265F4D00180323 /* Sources */ = {
			isa = PBXSourcesBuildPhase;
			buildActionMask = 2147483647;
			files = (
				A9CD338C2C82ABBB0052DCF9 /* CategoryRow.swift in Sources */,
				A9CD33AA2C8BE9EE0052DCF9 /* Profile.swift in Sources */,
				A93092E32C265F4D00180323 /* ContentView.swift in Sources */,
				A9CD33702C7C0DA50052DCF9 /* CategoryHome.swift in Sources */,
				A910E2662C4B51DA00819B9C /* Badge.swift in Sources */,
				A93092F12C29054500180323 /* MapView.swift in Sources */,
				A90D855D2C4DFDB100965E76 /* GraphCapsule.swift in Sources */,
				A90D855F2C4DFDB100965E76 /* HikeGraph.swift in Sources */,
				A93092E12C265F4D00180323 /* LandmarksApp.swift in Sources */,
				A93093022C38E3C100180323 /* FavoriteButton.swift in Sources */,
				A9CD338E2C82AD8F0052DCF9 /* CategoryItem.swift in Sources */,
				A93093062C3B761100180323 /* HexagonParameters.swift in Sources */,
				A9CD33AF2C8BEAF40052DCF9 /* ProfileSummary.swift in Sources */,
				A90D85572C4DFC9900965E76 /* Hike.swift in Sources */,
				A9CD33AD2C8BEA5F0052DCF9 /* ProfileHost.swift in Sources */,
				A910E24A2C460D8F00819B9C /* RotatedBadgeSymbol.swift in Sources */,
				A910E2482C4609B200819B9C /* BadgeSymbol.swift in Sources */,
				A93092FE2C2D029D00180323 /* LandmarkList.swift in Sources */,
				A90D855E2C4DFDB100965E76 /* HikeDetail.swift in Sources */,
				A90D85602C4DFDB100965E76 /* HikeView.swift in Sources */,
				A93093002C2E509600180323 /* LandmarkDetail.swift in Sources */,
				A910E2462C3F792800819B9C /* BadgeBackground.swift in Sources */,
				A9CD33B12C8CA7430052DCF9 /* HikeBadge.swift in Sources */,
				A93092EF2C266DCE00180323 /* CircleImage.swift in Sources */,
				A93092F52C2A352600180323 /* Landmark.swift in Sources */,
				A93092FC2C2B973400180323 /* LandmarkRow.swift in Sources */,
				A93092F72C2A3C5C00180323 /* ModelData.swift in Sources */,
			);
			runOnlyForDeploymentPostprocessing = 0;
		};
/* End PBXSourcesBuildPhase section */

/* Begin XCBuildConfiguration section */
		A93092E92C265F4E00180323 /* Debug */ = {
			isa = XCBuildConfiguration;
			buildSettings = {
				ALWAYS_SEARCH_USER_PATHS = NO;
				ASSETCATALOG_COMPILER_GENERATE_SWIFT_ASSET_SYMBOL_EXTENSIONS = YES;
				CLANG_ANALYZER_NONNULL = YES;
				CLANG_ANALYZER_NUMBER_OBJECT_CONVERSION = YES_AGGRESSIVE;
				CLANG_CXX_LANGUAGE_STANDARD = "gnu++20";
				CLANG_ENABLE_MODULES = YES;
				CLANG_ENABLE_OBJC_ARC = YES;
				CLANG_ENABLE_OBJC_WEAK = YES;
				CLANG_WARN_BLOCK_CAPTURE_AUTORELEASING = YES;
				CLANG_WARN_BOOL_CONVERSION = YES;
				CLANG_WARN_COMMA = YES;
				CLANG_WARN_CONSTANT_CONVERSION = YES;
				CLANG_WARN_DEPRECATED_OBJC_IMPLEMENTATIONS = YES;
				CLANG_WARN_DIRECT_OBJC_ISA_USAGE = YES_ERROR;
				CLANG_WARN_DOCUMENTATION_COMMENTS = YES;
				CLANG_WARN_EMPTY_BODY = YES;
				CLANG_WARN_ENUM_CONVERSION = YES;
				CLANG_WARN_INFINITE_RECURSION = YES;
				CLANG_WARN_INT_CONVERSION = YES;
				CLANG_WARN_NON_LITERAL_NULL_CONVERSION = YES;
				CLANG_WARN_OBJC_IMPLICIT_RETAIN_SELF = YES;
				CLANG_WARN_OBJC_LITERAL_CONVERSION = YES;
				CLANG_WARN_OBJC_ROOT_CLASS = YES_ERROR;
				CLANG_WARN_QUOTED_INCLUDE_IN_FRAMEWORK_HEADER = YES;
				CLANG_WARN_RANGE_LOOP_ANALYSIS = YES;
				CLANG_WARN_STRICT_PROTOTYPES = YES;
				CLANG_WARN_SUSPICIOUS_MOVE = YES;
				CLANG_WARN_UNGUARDED_AVAILABILITY = YES_AGGRESSIVE;
				CLANG_WARN_UNREACHABLE_CODE = YES;
				CLANG_WARN__DUPLICATE_METHOD_MATCH = YES;
				COPY_PHASE_STRIP = NO;
				DEBUG_INFORMATION_FORMAT = dwarf;
				ENABLE_STRICT_OBJC_MSGSEND = YES;
				ENABLE_TESTABILITY = YES;
				ENABLE_USER_SCRIPT_SANDBOXING = YES;
				GCC_C_LANGUAGE_STANDARD = gnu17;
				GCC_DYNAMIC_NO_PIC = NO;
				GCC_NO_COMMON_BLOCKS = YES;
				GCC_OPTIMIZATION_LEVEL = 0;
				GCC_PREPROCESSOR_DEFINITIONS = (
					"DEBUG=1",
					"$(inherited)",
				);
				GCC_WARN_64_TO_32_BIT_CONVERSION = YES;
				GCC_WARN_ABOUT_RETURN_TYPE = YES_ERROR;
				GCC_WARN_UNDECLARED_SELECTOR = YES;
				GCC_WARN_UNINITIALIZED_AUTOS = YES_AGGRESSIVE;
				GCC_WARN_UNUSED_FUNCTION = YES;
				GCC_WARN_UNUSED_VARIABLE = YES;
				IPHONEOS_DEPLOYMENT_TARGET = 17.5;
				LOCALIZATION_PREFERS_STRING_CATALOGS = YES;
				MTL_ENABLE_DEBUG_INFO = INCLUDE_SOURCE;
				MTL_FAST_MATH = YES;
				ONLY_ACTIVE_ARCH = YES;
				SDKROOT = iphoneos;
				SWIFT_ACTIVE_COMPILATION_CONDITIONS = "DEBUG $(inherited)";
				SWIFT_OPTIMIZATION_LEVEL = "-Onone";
			};
			name = Debug;
		};
		A93092EA2C265F4E00180323 /* Release */ = {
			isa = XCBuildConfiguration;
			buildSettings = {
				ALWAYS_SEARCH_USER_PATHS = NO;
				ASSETCATALOG_COMPILER_GENERATE_SWIFT_ASSET_SYMBOL_EXTENSIONS = YES;
				CLANG_ANALYZER_NONNULL = YES;
				CLANG_ANALYZER_NUMBER_OBJECT_CONVERSION = YES_AGGRESSIVE;
				CLANG_CXX_LANGUAGE_STANDARD = "gnu++20";
				CLANG_ENABLE_MODULES = YES;
				CLANG_ENABLE_OBJC_ARC = YES;
				CLANG_ENABLE_OBJC_WEAK = YES;
				CLANG_WARN_BLOCK_CAPTURE_AUTORELEASING = YES;
				CLANG_WARN_BOOL_CONVERSION = YES;
				CLANG_WARN_COMMA = YES;
				CLANG_WARN_CONSTANT_CONVERSION = YES;
				CLANG_WARN_DEPRECATED_OBJC_IMPLEMENTATIONS = YES;
				CLANG_WARN_DIRECT_OBJC_ISA_USAGE = YES_ERROR;
				CLANG_WARN_DOCUMENTATION_COMMENTS = YES;
				CLANG_WARN_EMPTY_BODY = YES;
				CLANG_WARN_ENUM_CONVERSION = YES;
				CLANG_WARN_INFINITE_RECURSION = YES;
				CLANG_WARN_INT_CONVERSION = YES;
				CLANG_WARN_NON_LITERAL_NULL_CONVERSION = YES;
				CLANG_WARN_OBJC_IMPLICIT_RETAIN_SELF = YES;
				CLANG_WARN_OBJC_LITERAL_CONVERSION = YES;
				CLANG_WARN_OBJC_ROOT_CLASS = YES_ERROR;
				CLANG_WARN_QUOTED_INCLUDE_IN_FRAMEWORK_HEADER = YES;
				CLANG_WARN_RANGE_LOOP_ANALYSIS = YES;
				CLANG_WARN_STRICT_PROTOTYPES = YES;
				CLANG_WARN_SUSPICIOUS_MOVE = YES;
				CLANG_WARN_UNGUARDED_AVAILABILITY = YES_AGGRESSIVE;
				CLANG_WARN_UNREACHABLE_CODE = YES;
				CLANG_WARN__DUPLICATE_METHOD_MATCH = YES;
				COPY_PHASE_STRIP = NO;
				DEBUG_INFORMATION_FORMAT = "dwarf-with-dsym";
				ENABLE_NS_ASSERTIONS = NO;
				ENABLE_STRICT_OBJC_MSGSEND = YES;
				ENABLE_USER_SCRIPT_SANDBOXING = YES;
				GCC_C_LANGUAGE_STANDARD = gnu17;
				GCC_NO_COMMON_BLOCKS = YES;
				GCC_WARN_64_TO_32_BIT_CONVERSION = YES;
				GCC_WARN_ABOUT_RETURN_TYPE = YES_ERROR;
				GCC_WARN_UNDECLARED_SELECTOR = YES;
				GCC_WARN_UNINITIALIZED_AUTOS = YES_AGGRESSIVE;
				GCC_WARN_UNUSED_FUNCTION = YES;
				GCC_WARN_UNUSED_VARIABLE = YES;
				IPHONEOS_DEPLOYMENT_TARGET = 17.5;
				LOCALIZATION_PREFERS_STRING_CATALOGS = YES;
				MTL_ENABLE_DEBUG_INFO = NO;
				MTL_FAST_MATH = YES;
				SDKROOT = iphoneos;
				SWIFT_COMPILATION_MODE = wholemodule;
				VALIDATE_PRODUCT = YES;
			};
			name = Release;
		};
		A93092EC2C265F4E00180323 /* Debug */ = {
			isa = XCBuildConfiguration;
			buildSettings = {
				ASSETCATALOG_COMPILER_APPICON_NAME = AppIcon;
				ASSETCATALOG_COMPILER_GLOBAL_ACCENT_COLOR_NAME = AccentColor;
				CODE_SIGN_STYLE = Automatic;
				CURRENT_PROJECT_VERSION = 1;
				DEVELOPMENT_ASSET_PATHS = "\"Landmarks/Preview Content\"";
				DEVELOPMENT_TEAM = WHKA3Q9GPE;
				ENABLE_PREVIEWS = YES;
				GENERATE_INFOPLIST_FILE = YES;
				INFOPLIST_KEY_UIApplicationSceneManifest_Generation = YES;
				INFOPLIST_KEY_UIApplicationSupportsIndirectInputEvents = YES;
				INFOPLIST_KEY_UILaunchScreen_Generation = YES;
				INFOPLIST_KEY_UISupportedInterfaceOrientations_iPad = "UIInterfaceOrientationPortrait UIInterfaceOrientationPortraitUpsideDown UIInterfaceOrientationLandscapeLeft UIInterfaceOrientationLandscapeRight";
				INFOPLIST_KEY_UISupportedInterfaceOrientations_iPhone = "UIInterfaceOrientationPortrait UIInterfaceOrientationLandscapeLeft UIInterfaceOrientationLandscapeRight";
				LD_RUNPATH_SEARCH_PATHS = (
					"$(inherited)",
					"@executable_path/Frameworks",
				);
				MARKETING_VERSION = 1.0;
				PRODUCT_BUNDLE_IDENTIFIER = JECWorks.Landmarks;
				PRODUCT_NAME = "$(TARGET_NAME)";
				SWIFT_EMIT_LOC_STRINGS = YES;
				SWIFT_VERSION = 5.0;
				TARGETED_DEVICE_FAMILY = "1,2";
			};
			name = Debug;
		};
		A93092ED2C265F4E00180323 /* Release */ = {
			isa = XCBuildConfiguration;
			buildSettings = {
				ASSETCATALOG_COMPILER_APPICON_NAME = AppIcon;
				ASSETCATALOG_COMPILER_GLOBAL_ACCENT_COLOR_NAME = AccentColor;
				CODE_SIGN_STYLE = Automatic;
				CURRENT_PROJECT_VERSION = 1;
				DEVELOPMENT_ASSET_PATHS = "\"Landmarks/Preview Content\"";
				DEVELOPMENT_TEAM = WHKA3Q9GPE;
				ENABLE_PREVIEWS = YES;
				GENERATE_INFOPLIST_FILE = YES;
				INFOPLIST_KEY_UIApplicationSceneManifest_Generation = YES;
				INFOPLIST_KEY_UIApplicationSupportsIndirectInputEvents = YES;
				INFOPLIST_KEY_UILaunchScreen_Generation = YES;
				INFOPLIST_KEY_UISupportedInterfaceOrientations_iPad = "UIInterfaceOrientationPortrait UIInterfaceOrientationPortraitUpsideDown UIInterfaceOrientationLandscapeLeft UIInterfaceOrientationLandscapeRight";
				INFOPLIST_KEY_UISupportedInterfaceOrientations_iPhone = "UIInterfaceOrientationPortrait UIInterfaceOrientationLandscapeLeft UIInterfaceOrientationLandscapeRight";
				LD_RUNPATH_SEARCH_PATHS = (
					"$(inherited)",
					"@executable_path/Frameworks",
				);
				MARKETING_VERSION = 1.0;
				PRODUCT_BUNDLE_IDENTIFIER = JECWorks.Landmarks;
				PRODUCT_NAME = "$(TARGET_NAME)";
				SWIFT_EMIT_LOC_STRINGS = YES;
				SWIFT_VERSION = 5.0;
				TARGETED_DEVICE_FAMILY = "1,2";
			};
			name = Release;
		};
/* End XCBuildConfiguration section */

/* Begin XCConfigurationList section */
		A93092D82C265F4D00180323 /* Build configuration list for PBXProject "Landmarks" */ = {
			isa = XCConfigurationList;
			buildConfigurations = (
				A93092E92C265F4E00180323 /* Debug */,
				A93092EA2C265F4E00180323 /* Release */,
			);
			defaultConfigurationIsVisible = 0;
			defaultConfigurationName = Release;
		};
		A93092EB2C265F4E00180323 /* Build configuration list for PBXNativeTarget "Landmarks" */ = {
			isa = XCConfigurationList;
			buildConfigurations = (
				A93092EC2C265F4E00180323 /* Debug */,
				A93092ED2C265F4E00180323 /* Release */,
			);
			defaultConfigurationIsVisible = 0;
			defaultConfigurationName = Release;
		};
/* End XCConfigurationList section */
	};
	rootObject = A93092D52C265F4D00180323 /* Project object */;
}
